// !$*UTF8*$!
{
	archiveVersion = 1;
	classes = {
	};
	objectVersion = 46;
	objects = {

/* Begin PBXBuildFile section */
		529022D21BA844E7002C052D /* AppDelegate.swift in Sources */ = {isa = PBXBuildFile; fileRef = 529022D11BA844E7002C052D /* AppDelegate.swift */; };
		529022D51BA844E7002C052D /* Beacon_Tuning_Tool.xcdatamodeld in Sources */ = {isa = PBXBuildFile; fileRef = 529022D31BA844E7002C052D /* Beacon_Tuning_Tool.xcdatamodeld */; };
		529022D71BA844E7002C052D /* ViewController.swift in Sources */ = {isa = PBXBuildFile; fileRef = 529022D61BA844E7002C052D /* ViewController.swift */; };
		529022DA1BA844E7002C052D /* Main.storyboard in Resources */ = {isa = PBXBuildFile; fileRef = 529022D81BA844E7002C052D /* Main.storyboard */; };
		529022DC1BA844E7002C052D /* Images.xcassets in Resources */ = {isa = PBXBuildFile; fileRef = 529022DB1BA844E7002C052D /* Images.xcassets */; };
		529022DF1BA844E7002C052D /* LaunchScreen.xib in Resources */ = {isa = PBXBuildFile; fileRef = 529022DD1BA844E7002C052D /* LaunchScreen.xib */; };
		529022EB1BA844E7002C052D /* Beacon_Tuning_ToolTests.swift in Sources */ = {isa = PBXBuildFile; fileRef = 529022EA1BA844E7002C052D /* Beacon_Tuning_ToolTests.swift */; };
/* End PBXBuildFile section */

/* Begin PBXContainerItemProxy section */
		529022E51BA844E7002C052D /* PBXContainerItemProxy */ = {
			isa = PBXContainerItemProxy;
			containerPortal = 529022C41BA844E7002C052D /* Project object */;
			proxyType = 1;
			remoteGlobalIDString = 529022CB1BA844E7002C052D;
			remoteInfo = Beacon_Tuning_Tool;
		};
/* End PBXContainerItemProxy section */

/* Begin PBXFileReference section */
		529022CC1BA844E7002C052D /* Beacon_Tuning_Tool.app */ = {isa = PBXFileReference; explicitFileType = wrapper.application; includeInIndex = 0; path = Beacon_Tuning_Tool.app; sourceTree = BUILT_PRODUCTS_DIR; };
		529022D01BA844E7002C052D /* Info.plist */ = {isa = PBXFileReference; lastKnownFileType = text.plist.xml; path = Info.plist; sourceTree = "<group>"; };
		529022D11BA844E7002C052D /* AppDelegate.swift */ = {isa = PBXFileReference; lastKnownFileType = sourcecode.swift; path = AppDelegate.swift; sourceTree = "<group>"; };
		529022D41BA844E7002C052D /* Beacon_Tuning_Tool.xcdatamodel */ = {isa = PBXFileReference; lastKnownFileType = wrapper.xcdatamodel; path = Beacon_Tuning_Tool.xcdatamodel; sourceTree = "<group>"; };
		529022D61BA844E7002C052D /* ViewController.swift */ = {isa = PBXFileReference; lastKnownFileType = sourcecode.swift; path = ViewController.swift; sourceTree = "<group>"; };
		529022D91BA844E7002C052D /* Base */ = {isa = PBXFileReference; lastKnownFileType = file.storyboard; name = Base; path = Base.lproj/Main.storyboard; sourceTree = "<group>"; };
		529022DB1BA844E7002C052D /* Images.xcassets */ = {isa = PBXFileReference; lastKnownFileType = folder.assetcatalog; path = Images.xcassets; sourceTree = "<group>"; };
		529022DE1BA844E7002C052D /* Base */ = {isa = PBXFileReference; lastKnownFileType = file.xib; name = Base; path = Base.lproj/LaunchScreen.xib; sourceTree = "<group>"; };
		529022E41BA844E7002C052D /* Beacon_Tuning_ToolTests.xctest */ = {isa = PBXFileReference; explicitFileType = wrapper.cfbundle; includeInIndex = 0; path = Beacon_Tuning_ToolTests.xctest; sourceTree = BUILT_PRODUCTS_DIR; };
		529022E91BA844E7002C052D /* Info.plist */ = {isa = PBXFileReference; lastKnownFileType = text.plist.xml; path = Info.plist; sourceTree = "<group>"; };
		529022EA1BA844E7002C052D /* Beacon_Tuning_ToolTests.swift */ = {isa = PBXFileReference; lastKnownFileType = sourcecode.swift; path = Beacon_Tuning_ToolTests.swift; sourceTree = "<group>"; };
/* End PBXFileReference section */

/* Begin PBXFrameworksBuildPhase section */
		529022C91BA844E7002C052D /* Frameworks */ = {
			isa = PBXFrameworksBuildPhase;
			buildActionMask = 2147483647;
			files = (
			);
			runOnlyForDeploymentPostprocessing = 0;
		};
		529022E11BA844E7002C052D /* Frameworks */ = {
			isa = PBXFrameworksBuildPhase;
			buildActionMask = 2147483647;
			files = (
			);
			runOnlyForDeploymentPostprocessing = 0;
		};
/* End PBXFrameworksBuildPhase section */

/* Begin PBXGroup section */
		529022C31BA844E7002C052D = {
			isa = PBXGroup;
			children = (
				529022CE1BA844E7002C052D /* Beacon_Tuning_Tool */,
				529022E71BA844E7002C052D /* Beacon_Tuning_ToolTests */,
				529022CD1BA844E7002C052D /* Products */,
			);
			sourceTree = "<group>";
		};
		529022CD1BA844E7002C052D /* Products */ = {
			isa = PBXGroup;
			children = (
				529022CC1BA844E7002C052D /* Beacon_Tuning_Tool.app */,
				529022E41BA844E7002C052D /* Beacon_Tuning_ToolTests.xctest */,
			);
			name = Products;
			sourceTree = "<group>";
		};
		529022CE1BA844E7002C052D /* Beacon_Tuning_Tool */ = {
			isa = PBXGroup;
			children = (
				529022D11BA844E7002C052D /* AppDelegate.swift */,
				529022D61BA844E7002C052D /* ViewController.swift */,
				529022D81BA844E7002C052D /* Main.storyboard */,
				529022DB1BA844E7002C052D /* Images.xcassets */,
				529022DD1BA844E7002C052D /* LaunchScreen.xib */,
				529022D31BA844E7002C052D /* Beacon_Tuning_Tool.xcdatamodeld */,
				529022CF1BA844E7002C052D /* Supporting Files */,
			);
			path = Beacon_Tuning_Tool;
			sourceTree = "<group>";
		};
		529022CF1BA844E7002C052D /* Supporting Files */ = {
			isa = PBXGroup;
			children = (
				529022D01BA844E7002C052D /* Info.plist */,
			);
			name = "Supporting Files";
			sourceTree = "<group>";
		};
		529022E71BA844E7002C052D /* Beacon_Tuning_ToolTests */ = {
			isa = PBXGroup;
			children = (
				529022EA1BA844E7002C052D /* Beacon_Tuning_ToolTests.swift */,
				529022E81BA844E7002C052D /* Supporting Files */,
			);
			path = Beacon_Tuning_ToolTests;
			sourceTree = "<group>";
		};
		529022E81BA844E7002C052D /* Supporting Files */ = {
			isa = PBXGroup;
			children = (
				529022E91BA844E7002C052D /* Info.plist */,
			);
			name = "Supporting Files";
			sourceTree = "<group>";
		};
/* End PBXGroup section */

/* Begin PBXNativeTarget section */
		529022CB1BA844E7002C052D /* Beacon_Tuning_Tool */ = {
			isa = PBXNativeTarget;
			buildConfigurationList = 529022EE1BA844E7002C052D /* Build configuration list for PBXNativeTarget "Beacon_Tuning_Tool" */;
			buildPhases = (
				529022C81BA844E7002C052D /* Sources */,
				529022C91BA844E7002C052D /* Frameworks */,
				529022CA1BA844E7002C052D /* Resources */,
			);
			buildRules = (
			);
			dependencies = (
			);
			name = Beacon_Tuning_Tool;
			productName = Beacon_Tuning_Tool;
			productReference = 529022CC1BA844E7002C052D /* Beacon_Tuning_Tool.app */;
			productType = "com.apple.product-type.application";
		};
		529022E31BA844E7002C052D /* Beacon_Tuning_ToolTests */ = {
			isa = PBXNativeTarget;
			buildConfigurationList = 529022F11BA844E7002C052D /* Build configuration list for PBXNativeTarget "Beacon_Tuning_ToolTests" */;
			buildPhases = (
				529022E01BA844E7002C052D /* Sources */,
				529022E11BA844E7002C052D /* Frameworks */,
				529022E21BA844E7002C052D /* Resources */,
			);
			buildRules = (
			);
			dependencies = (
				529022E61BA844E7002C052D /* PBXTargetDependency */,
			);
			name = Beacon_Tuning_ToolTests;
			productName = Beacon_Tuning_ToolTests;
			productReference = 529022E41BA844E7002C052D /* Beacon_Tuning_ToolTests.xctest */;
			productType = "com.apple.product-type.bundle.unit-test";
		};
/* End PBXNativeTarget section */

/* Begin PBXProject section */
		529022C41BA844E7002C052D /* Project object */ = {
			isa = PBXProject;
			attributes = {
				LastUpgradeCheck = 0640;
				ORGANIZATIONNAME = Vincere;
				TargetAttributes = {
					529022CB1BA844E7002C052D = {
						CreatedOnToolsVersion = 6.4;
					};
					529022E31BA844E7002C052D = {
						CreatedOnToolsVersion = 6.4;
						TestTargetID = 529022CB1BA844E7002C052D;
					};
				};
			};
			buildConfigurationList = 529022C71BA844E7002C052D /* Build configuration list for PBXProject "Beacon_Tuning_Tool" */;
			compatibilityVersion = "Xcode 3.2";
			developmentRegion = English;
			hasScannedForEncodings = 0;
			knownRegions = (
				en,
				Base,
			);
			mainGroup = 529022C31BA844E7002C052D;
			productRefGroup = 529022CD1BA844E7002C052D /* Products */;
			projectDirPath = "";
			projectRoot = "";
			targets = (
				529022CB1BA844E7002C052D /* Beacon_Tuning_Tool */,
				529022E31BA844E7002C052D /* Beacon_Tuning_ToolTests */,
			);
		};
/* End PBXProject section */

/* Begin PBXResourcesBuildPhase section */
		529022CA1BA844E7002C052D /* Resources */ = {
			isa = PBXResourcesBuildPhase;
			buildActionMask = 2147483647;
			files = (
				529022DA1BA844E7002C052D /* Main.storyboard in Resources */,
				529022DF1BA844E7002C052D /* LaunchScreen.xib in Resources */,
				529022DC1BA844E7002C052D /* Images.xcassets in Resources */,
			);
			runOnlyForDeploymentPostprocessing = 0;
		};
		529022E21BA844E7002C052D /* Resources */ = {
			isa = PBXResourcesBuildPhase;
			buildActionMask = 2147483647;
			files = (
			);
			runOnlyForDeploymentPostprocessing = 0;
		};
/* End PBXResourcesBuildPhase section */

/* Begin PBXSourcesBuildPhase section */
		529022C81BA844E7002C052D /* Sources */ = {
			isa = PBXSourcesBuildPhase;
			buildActionMask = 2147483647;
			files = (
				529022D71BA844E7002C052D /* ViewController.swift in Sources */,
				529022D51BA844E7002C052D /* Beacon_Tuning_Tool.xcdatamodeld in Sources */,
				529022D21BA844E7002C052D /* AppDelegate.swift in Sources */,
			);
			runOnlyForDeploymentPostprocessing = 0;
		};
		529022E01BA844E7002C052D /* Sources */ = {
			isa = PBXSourcesBuildPhase;
			buildActionMask = 2147483647;
			files = (
				529022EB1BA844E7002C052D /* Beacon_Tuning_ToolTests.swift in Sources */,
			);
			runOnlyForDeploymentPostprocessing = 0;
		};
/* End PBXSourcesBuildPhase section */

/* Begin PBXTargetDependency section */
		529022E61BA844E7002C052D /* PBXTargetDependency */ = {
			isa = PBXTargetDependency;
			target = 529022CB1BA844E7002C052D /* Beacon_Tuning_Tool */;
			targetProxy = 529022E51BA844E7002C052D /* PBXContainerItemProxy */;
		};
/* End PBXTargetDependency section */

/* Begin PBXVariantGroup section */
		529022D81BA844E7002C052D /* Main.storyboard */ = {
			isa = PBXVariantGroup;
			children = (
				529022D91BA844E7002C052D /* Base */,
			);
			name = Main.storyboard;
			sourceTree = "<group>";
		};
		529022DD1BA844E7002C052D /* LaunchScreen.xib */ = {
			isa = PBXVariantGroup;
			children = (
				529022DE1BA844E7002C052D /* Base */,
			);
			name = LaunchScreen.xib;
			sourceTree = "<group>";
		};
/* End PBXVariantGroup section */

/* Begin XCBuildConfiguration section */
		529022EC1BA844E7002C052D /* Debug */ = {
			isa = XCBuildConfiguration;
			buildSettings = {
				ALWAYS_SEARCH_USER_PATHS = NO;
				CLANG_CXX_LANGUAGE_STANDARD = "gnu++0x";
				CLANG_CXX_LIBRARY = "libc++";
				CLANG_ENABLE_MODULES = YES;
				CLANG_ENABLE_OBJC_ARC = YES;
				CLANG_WARN_BOOL_CONVERSION = YES;
				CLANG_WARN_CONSTANT_CONVERSION = YES;
				CLANG_WARN_DIRECT_OBJC_ISA_USAGE = YES_ERROR;
				CLANG_WARN_EMPTY_BODY = YES;
				CLANG_WARN_ENUM_CONVERSION = YES;
				CLANG_WARN_INT_CONVERSION = YES;
				CLANG_WARN_OBJC_ROOT_CLASS = YES_ERROR;
				CLANG_WARN_UNREACHABLE_CODE = YES;
				CLANG_WARN__DUPLICATE_METHOD_MATCH = YES;
				"CODE_SIGN_IDENTITY[sdk=iphoneos*]" = "iPhone Developer";
				COPY_PHASE_STRIP = NO;
				DEBUG_INFORMATION_FORMAT = "dwarf-with-dsym";
				ENABLE_STRICT_OBJC_MSGSEND = YES;
				GCC_C_LANGUAGE_STANDARD = gnu99;
				GCC_DYNAMIC_NO_PIC = NO;
				GCC_NO_COMMON_BLOCKS = YES;
				GCC_OPTIMIZATION_LEVEL = 0;
				GCC_PREPROCESSOR_DEFINITIONS = (
					"DEBUG=1",
					"$(inherited)",
				);
				GCC_SYMBOLS_PRIVATE_EXTERN = NO;
				GCC_WARN_64_TO_32_BIT_CONVERSION = YES;
				GCC_WARN_ABOUT_RETURN_TYPE = YES_ERROR;
				GCC_WARN_UNDECLARED_SELECTOR = YES;
				GCC_WARN_UNINITIALIZED_AUTOS = YES_AGGRESSIVE;
				GCC_WARN_UNUSED_FUNCTION = YES;
				GCC_WARN_UNUSED_VARIABLE = YES;
				IPHONEOS_DEPLOYMENT_TARGET = 8.4;
				MTL_ENABLE_DEBUG_INFO = YES;
				ONLY_ACTIVE_ARCH = YES;
				SDKROOT = iphoneos;
				SWIFT_OPTIMIZATION_LEVEL = "-Onone";
			};
			name = Debug;
		};
		529022ED1BA844E7002C052D /* Release */ = {
			isa = XCBuildConfiguration;
			buildSettings = {
				ALWAYS_SEARCH_USER_PATHS = NO;
				CLANG_CXX_LANGUAGE_STANDARD = "gnu++0x";
				CLANG_CXX_LIBRARY = "libc++";
				CLANG_ENABLE_MODULES = YES;
				CLANG_ENABLE_OBJC_ARC = YES;
				CLANG_WARN_BOOL_CONVERSION = YES;
				CLANG_WARN_CONSTANT_CONVERSION = YES;
				CLANG_WARN_DIRECT_OBJC_ISA_USAGE = YES_ERROR;
				CLANG_WARN_EMPTY_BODY = YES;
				CLANG_WARN_ENUM_CONVERSION = YES;
				CLANG_WARN_INT_CONVERSION = YES;
				CLANG_WARN_OBJC_ROOT_CLASS = YES_ERROR;
				CLANG_WARN_UNREACHABLE_CODE = YES;
				CLANG_WARN__DUPLICATE_METHOD_MATCH = YES;
				"CODE_SIGN_IDENTITY[sdk=iphoneos*]" = "iPhone Developer";
				COPY_PHASE_STRIP = NO;
				DEBUG_INFORMATION_FORMAT = "dwarf-with-dsym";
				ENABLE_NS_ASSERTIONS = NO;
				ENABLE_STRICT_OBJC_MSGSEND = YES;
				GCC_C_LANGUAGE_STANDARD = gnu99;
				GCC_NO_COMMON_BLOCKS = YES;
				GCC_WARN_64_TO_32_BIT_CONVERSION = YES;
				GCC_WARN_ABOUT_RETURN_TYPE = YES_ERROR;
				GCC_WARN_UNDECLARED_SELECTOR = YES;
				GCC_WARN_UNINITIALIZED_AUTOS = YES_AGGRESSIVE;
				GCC_WARN_UNUSED_FUNCTION = YES;
				GCC_WARN_UNUSED_VARIABLE = YES;
				IPHONEOS_DEPLOYMENT_TARGET = 8.4;
				MTL_ENABLE_DEBUG_INFO = NO;
				SDKROOT = iphoneos;
				VALIDATE_PRODUCT = YES;
			};
			name = Release;
		};
		529022EF1BA844E7002C052D /* Debug */ = {
			isa = XCBuildConfiguration;
			buildSettings = {
				ASSETCATALOG_COMPILER_APPICON_NAME = AppIcon;
				INFOPLIST_FILE = Beacon_Tuning_Tool/Info.plist;
				LD_RUNPATH_SEARCH_PATHS = "$(inherited) @executable_path/Frameworks";
				PRODUCT_NAME = "$(TARGET_NAME)";
			};
			name = Debug;
		};
		529022F01BA844E7002C052D /* Release */ = {
			isa = XCBuildConfiguration;
			buildSettings = {
				ASSETCATALOG_COMPILER_APPICON_NAME = AppIcon;
				INFOPLIST_FILE = Beacon_Tuning_Tool/Info.plist;
				LD_RUNPATH_SEARCH_PATHS = "$(inherited) @executable_path/Frameworks";
				PRODUCT_NAME = "$(TARGET_NAME)";
			};
			name = Release;
		};
		529022F21BA844E7002C052D /* Debug */ = {
			isa = XCBuildConfiguration;
			buildSettings = {
				BUNDLE_LOADER = "$(TEST_HOST)";
				FRAMEWORK_SEARCH_PATHS = (
					"$(SDKROOT)/Developer/Library/Frameworks",
					"$(inherited)",
				);
				GCC_PREPROCESSOR_DEFINITIONS = (
					"DEBUG=1",
					"$(inherited)",
				);
				INFOPLIST_FILE = Beacon_Tuning_ToolTests/Info.plist;
				LD_RUNPATH_SEARCH_PATHS = "$(inherited) @executable_path/Frameworks @loader_path/Frameworks";
				PRODUCT_NAME = "$(TARGET_NAME)";
				TEST_HOST = "$(BUILT_PRODUCTS_DIR)/Beacon_Tuning_Tool.app/Beacon_Tuning_Tool";
			};
			name = Debug;
		};
		529022F31BA844E7002C052D /* Release */ = {
			isa = XCBuildConfiguration;
			buildSettings = {
				BUNDLE_LOADER = "$(TEST_HOST)";
				FRAMEWORK_SEARCH_PATHS = (
					"$(SDKROOT)/Developer/Library/Frameworks",
					"$(inherited)",
				);
				INFOPLIST_FILE = Beacon_Tuning_ToolTests/Info.plist;
				LD_RUNPATH_SEARCH_PATHS = "$(inherited) @executable_path/Frameworks @loader_path/Frameworks";
				PRODUCT_NAME = "$(TARGET_NAME)";
				TEST_HOST = "$(BUILT_PRODUCTS_DIR)/Beacon_Tuning_Tool.app/Beacon_Tuning_Tool";
			};
			name = Release;
		};
/* End XCBuildConfiguration section */

/* Begin XCConfigurationList section */
		529022C71BA844E7002C052D /* Build configuration list for PBXProject "Beacon_Tuning_Tool" */ = {
			isa = XCConfigurationList;
			buildConfigurations = (
				529022EC1BA844E7002C052D /* Debug */,
				529022ED1BA844E7002C052D /* Release */,
			);
			defaultConfigurationIsVisible = 0;
			defaultConfigurationName = Release;
		};
		529022EE1BA844E7002C052D /* Build configuration list for PBXNativeTarget "Beacon_Tuning_Tool" */ = {
			isa = XCConfigurationList;
			buildConfigurations = (
				529022EF1BA844E7002C052D /* Debug */,
				529022F01BA844E7002C052D /* Release */,
			);
			defaultConfigurationIsVisible = 0;
		};
		529022F11BA844E7002C052D /* Build configuration list for PBXNativeTarget "Beacon_Tuning_ToolTests" */ = {
			isa = XCConfigurationList;
			buildConfigurations = (
				529022F21BA844E7002C052D /* Debug */,
				529022F31BA844E7002C052D /* Release */,
			);
			defaultConfigurationIsVisible = 0;
		};
/* End XCConfigurationList section */

/* Begin XCVersionGroup section */
		529022D31BA844E7002C052D /* Beacon_Tuning_Tool.xcdatamodeld */ = {
			isa = XCVersionGroup;
			children = (
				529022D41BA844E7002C052D /* Beacon_Tuning_Tool.xcdatamodel */,
			);
			currentVersion = 529022D41BA844E7002C052D /* Beacon_Tuning_Tool.xcdatamodel */;
			path = Beacon_Tuning_Tool.xcdatamodeld;
			sourceTree = "<group>";
			versionGroupType = wrapper.xcdatamodel;
		};
/* End XCVersionGroup section */
	};
	rootObject = 529022C41BA844E7002C052D /* Project object */;
}
